
Microsoft Visual Studio Solution File, Format Version 12.00
# Visual Studio Version 16
VisualStudioVersion = 16.0.31624.102
MinimumVisualStudioVersion = 10.0.40219.1
Project("{FAE04EC0-301F-11D3-BF4B-00C04F79EFBC}") = "S2_NCORE_MVC.Web", "S2_NCORE_MVC.Web\S2_NCORE_MVC.Web.csproj", "{AA85D9A8-3C02-47F5-B609-DB0D30CF434B}"
EndProject
Global
	GlobalSection(SolutionConfigurationPlatforms) = preSolution
		Debug|Any CPU = Debug|Any CPU
		Release|Any CPU = Release|Any CPU
	EndGlobalSection
	GlobalSection(ProjectConfigurationPlatforms) = postSolution
		{AA85D9A8-3C02-47F5-B609-DB0D30CF434B}.Debug|Any CPU.ActiveCfg = Debug|Any CPU
		{AA85D9A8-3C02-47F5-B609-DB0D30CF434B}.Debug|Any CPU.Build.0 = Debug|Any CPU
		{AA85D9A8-3C02-47F5-B609-DB0D30CF434B}.Release|Any CPU.ActiveCfg = Release|Any CPU
		{AA85D9A8-3C02-47F5-B609-DB0D30CF434B}.Release|Any CPU.Build.0 = Release|Any CPU
	EndGlobalSection
	GlobalSection(SolutionProperties) = preSolution
		HideSolutionNode = FALSE
	EndGlobalSection
	GlobalSection(ExtensibilityGlobals) = postSolution
		SolutionGuid = {D262BFB5-6D59-443C-A2A9-CE0C9CEFE23A}
	EndGlobalSection
EndGlobal
